
Microsoft Visual Studio Solution File, Format Version 12.00
# Visual Studio Version 16
VisualStudioVersion = 16.0.31702.278
MinimumVisualStudioVersion = 10.0.40219.1
Project("{FAE04EC0-301F-11D3-BF4B-00C04F79EFBC}") = "Lap2", "Lap2.csproj", "{A0560720-F4B0-44C9-9087-F88BFD4D56A4}"
EndProject
Global
	GlobalSection(SolutionConfigurationPlatforms) = preSolution
		Debug|Any CPU = Debug|Any CPU
		Release|Any CPU = Release|Any CPU
	EndGlobalSection
	GlobalSection(ProjectConfigurationPlatforms) = postSolution
		{A0560720-F4B0-44C9-9087-F88BFD4D56A4}.Debug|Any CPU.ActiveCfg = Debug|Any CPU
		{A0560720-F4B0-44C9-9087-F88BFD4D56A4}.Debug|Any CPU.Build.0 = Debug|Any CPU
		{A0560720-F4B0-44C9-9087-F88BFD4D56A4}.Release|Any CPU.ActiveCfg = Release|Any CPU
		{A0560720-F4B0-44C9-9087-F88BFD4D56A4}.Release|Any CPU.Build.0 = Release|Any CPU
	EndGlobalSection
	GlobalSection(SolutionProperties) = preSolution
		HideSolutionNode = FALSE
	EndGlobalSection
	GlobalSection(ExtensibilityGlobals) = postSolution
		SolutionGuid = {E5642A45-27D5-47F5-8A5D-76148AF5940C}
	EndGlobalSection
EndGlobal
