
Microsoft Visual Studio Solution File, Format Version 12.00
# Visual Studio Version 16
VisualStudioVersion = 16.0.31702.278
MinimumVisualStudioVersion = 10.0.40219.1
Project("{FAE04EC0-301F-11D3-BF4B-00C04F79EFBC}") = "Lap03", "Lap03.csproj", "{8A591A48-7DEA-4EF4-B5CD-53C901BADF96}"
EndProject
Global
	GlobalSection(SolutionConfigurationPlatforms) = preSolution
		Debug|Any CPU = Debug|Any CPU
		Release|Any CPU = Release|Any CPU
	EndGlobalSection
	GlobalSection(ProjectConfigurationPlatforms) = postSolution
		{8A591A48-7DEA-4EF4-B5CD-53C901BADF96}.Debug|Any CPU.ActiveCfg = Debug|Any CPU
		{8A591A48-7DEA-4EF4-B5CD-53C901BADF96}.Debug|Any CPU.Build.0 = Debug|Any CPU
		{8A591A48-7DEA-4EF4-B5CD-53C901BADF96}.Release|Any CPU.ActiveCfg = Release|Any CPU
		{8A591A48-7DEA-4EF4-B5CD-53C901BADF96}.Release|Any CPU.Build.0 = Release|Any CPU
	EndGlobalSection
	GlobalSection(SolutionProperties) = preSolution
		HideSolutionNode = FALSE
	EndGlobalSection
	GlobalSection(ExtensibilityGlobals) = postSolution
		SolutionGuid = {199A0779-CD1F-4C8B-86A5-D7A0F514DAA5}
	EndGlobalSection
EndGlobal
